
Microsoft Visual Studio Solution File, Format Version 12.00
# Visual Studio Version 17
VisualStudioVersion = 17.0.31903.59
MinimumVisualStudioVersion = 10.0.40219.1
Project("{FAE04EC0-301F-11D3-BF4B-00C04F79EFBC}") = "BuberBreakfast.Contracts", "BuberBreakfast.Contracts\BuberBreakfast.Contracts.csproj", "{315AE0C2-A82A-43D0-94F6-00228621C784}"
EndProject
Project("{FAE04EC0-301F-11D3-BF4B-00C04F79EFBC}") = "BuberBreakfast", "BuberBreakfast\BuberBreakfast.csproj", "{EB679C29-BDB4-48AA-BFAD-D34979C032CD}"
EndProject
Global
	GlobalSection(SolutionConfigurationPlatforms) = preSolution
		Debug|Any CPU = Debug|Any CPU
		Release|Any CPU = Release|Any CPU
	EndGlobalSection
	GlobalSection(SolutionProperties) = preSolution
		HideSolutionNode = FALSE
	EndGlobalSection
	GlobalSection(ProjectConfigurationPlatforms) = postSolution
		{315AE0C2-A82A-43D0-94F6-00228621C784}.Debug|Any CPU.ActiveCfg = Debug|Any CPU
		{315AE0C2-A82A-43D0-94F6-00228621C784}.Debug|Any CPU.Build.0 = Debug|Any CPU
		{315AE0C2-A82A-43D0-94F6-00228621C784}.Release|Any CPU.ActiveCfg = Release|Any CPU
		{315AE0C2-A82A-43D0-94F6-00228621C784}.Release|Any CPU.Build.0 = Release|Any CPU
		{EB679C29-BDB4-48AA-BFAD-D34979C032CD}.Debug|Any CPU.ActiveCfg = Debug|Any CPU
		{EB679C29-BDB4-48AA-BFAD-D34979C032CD}.Debug|Any CPU.Build.0 = Debug|Any CPU
		{EB679C29-BDB4-48AA-BFAD-D34979C032CD}.Release|Any CPU.ActiveCfg = Release|Any CPU
		{EB679C29-BDB4-48AA-BFAD-D34979C032CD}.Release|Any CPU.Build.0 = Release|Any CPU
	EndGlobalSection
EndGlobal
